{
  "object": {
    "pins": [
      {
        "package": "CoreBluetoothMock",
        "repositoryURL": "https://github.com/NordicSemiconductor/IOS-CoreBluetooth-Mock.git",
        "state": {
          "branch": null,
          "revision": "194863075520d244f710fddd66f4f111c21661ef",
          "version": "0.17.0"
        }
      }
    ]
  },
  "version": 1
}
